
Microsoft Visual Studio Solution File, Format Version 12.00
# Visual Studio 15
VisualStudioVersion = 15.0.28307.539
MinimumVisualStudioVersion = 10.0.40219.1
Project("{FAE04EC0-301F-11D3-BF4B-00C04F79EFBC}") = "Prevod za carinu", "Prevod za carinu\Prevod za carinu.csproj", "{0DBA47CA-634B-4A56-B18E-93A8B2E9C0FE}"
EndProject
Global
	GlobalSection(SolutionConfigurationPlatforms) = preSolution
		Debug|Any CPU = Debug|Any CPU
		Release|Any CPU = Release|Any CPU
	EndGlobalSection
	GlobalSection(ProjectConfigurationPlatforms) = postSolution
		{0DBA47CA-634B-4A56-B18E-93A8B2E9C0FE}.Debug|Any CPU.ActiveCfg = Debug|Any CPU
		{0DBA47CA-634B-4A56-B18E-93A8B2E9C0FE}.Debug|Any CPU.Build.0 = Debug|Any CPU
		{0DBA47CA-634B-4A56-B18E-93A8B2E9C0FE}.Release|Any CPU.ActiveCfg = Release|Any CPU
		{0DBA47CA-634B-4A56-B18E-93A8B2E9C0FE}.Release|Any CPU.Build.0 = Release|Any CPU
	EndGlobalSection
	GlobalSection(SolutionProperties) = preSolution
		HideSolutionNode = FALSE
	EndGlobalSection
	GlobalSection(ExtensibilityGlobals) = postSolution
		SolutionGuid = {08AC7580-C5D9-446E-84B3-7DC64CB64546}
	EndGlobalSection
EndGlobal
